// !$*UTF8*$!
{
	archiveVersion = 1;
	classes = {
	};
	objectVersion = 50;
	objects = {

/* Begin PBXBuildFile section */
		EA787C7226EE2251008D767D /* AppDelegate.swift in Sources */ = {isa = PBXBuildFile; fileRef = EA787C7126EE2251008D767D /* AppDelegate.swift */; };
		EA787C7426EE2251008D767D /* SceneDelegate.swift in Sources */ = {isa = PBXBuildFile; fileRef = EA787C7326EE2251008D767D /* SceneDelegate.swift */; };
		EA787C7626EE2251008D767D /* ViewController.swift in Sources */ = {isa = PBXBuildFile; fileRef = EA787C7526EE2251008D767D /* ViewController.swift */; };
		EA787C7926EE2251008D767D /* Main.storyboard in Resources */ = {isa = PBXBuildFile; fileRef = EA787C7726EE2251008D767D /* Main.storyboard */; };
		EA787C7B26EE2252008D767D /* Assets.xcassets in Resources */ = {isa = PBXBuildFile; fileRef = EA787C7A26EE2252008D767D /* Assets.xcassets */; };
		EA787C7E26EE2252008D767D /* LaunchScreen.storyboard in Resources */ = {isa = PBXBuildFile; fileRef = EA787C7C26EE2252008D767D /* LaunchScreen.storyboard */; };
		EA787C8626EE23CC008D767D /* Person.swift in Sources */ = {isa = PBXBuildFile; fileRef = EA787C8526EE23CC008D767D /* Person.swift */; };
		EA787C8826EE26A5008D767D /* DataManager.swift in Sources */ = {isa = PBXBuildFile; fileRef = EA787C8726EE26A5008D767D /* DataManager.swift */; };
/* End PBXBuildFile section */

/* Begin PBXFileReference section */
		EA787C6E26EE2251008D767D /* SwiftBook HW 7_Contact List.app */ = {isa = PBXFileReference; explicitFileType = wrapper.application; includeInIndex = 0; path = "SwiftBook HW 7_Contact List.app"; sourceTree = BUILT_PRODUCTS_DIR; };
		EA787C7126EE2251008D767D /* AppDelegate.swift */ = {isa = PBXFileReference; lastKnownFileType = sourcecode.swift; path = AppDelegate.swift; sourceTree = "<group>"; };
		EA787C7326EE2251008D767D /* SceneDelegate.swift */ = {isa = PBXFileReference; lastKnownFileType = sourcecode.swift; path = SceneDelegate.swift; sourceTree = "<group>"; };
		EA787C7526EE2251008D767D /* ViewController.swift */ = {isa = PBXFileReference; lastKnownFileType = sourcecode.swift; path = ViewController.swift; sourceTree = "<group>"; };
		EA787C7826EE2251008D767D /* Base */ = {isa = PBXFileReference; lastKnownFileType = file.storyboard; name = Base; path = Base.lproj/Main.storyboard; sourceTree = "<group>"; };
		EA787C7A26EE2252008D767D /* Assets.xcassets */ = {isa = PBXFileReference; lastKnownFileType = folder.assetcatalog; path = Assets.xcassets; sourceTree = "<group>"; };
		EA787C7D26EE2252008D767D /* Base */ = {isa = PBXFileReference; lastKnownFileType = file.storyboard; name = Base; path = Base.lproj/LaunchScreen.storyboard; sourceTree = "<group>"; };
		EA787C7F26EE2252008D767D /* Info.plist */ = {isa = PBXFileReference; lastKnownFileType = text.plist.xml; path = Info.plist; sourceTree = "<group>"; };
		EA787C8526EE23CC008D767D /* Person.swift */ = {isa = PBXFileReference; lastKnownFileType = sourcecode.swift; path = Person.swift; sourceTree = "<group>"; };
		EA787C8726EE26A5008D767D /* DataManager.swift */ = {isa = PBXFileReference; lastKnownFileType = sourcecode.swift; path = DataManager.swift; sourceTree = "<group>"; };
/* End PBXFileReference section */

/* Begin PBXFrameworksBuildPhase section */
		EA787C6B26EE2251008D767D /* Frameworks */ = {
			isa = PBXFrameworksBuildPhase;
			buildActionMask = 2147483647;
			files = (
			);
			runOnlyForDeploymentPostprocessing = 0;
		};
/* End PBXFrameworksBuildPhase section */

/* Begin PBXGroup section */
		EA787C6526EE2251008D767D = {
			isa = PBXGroup;
			children = (
				EA787C7026EE2251008D767D /* SwiftBook HW 7_Contact List */,
				EA787C6F26EE2251008D767D /* Products */,
			);
			sourceTree = "<group>";
		};
		EA787C6F26EE2251008D767D /* Products */ = {
			isa = PBXGroup;
			children = (
				EA787C6E26EE2251008D767D /* SwiftBook HW 7_Contact List.app */,
			);
			name = Products;
			sourceTree = "<group>";
		};
		EA787C7026EE2251008D767D /* SwiftBook HW 7_Contact List */ = {
			isa = PBXGroup;
			children = (
				EA787C7126EE2251008D767D /* AppDelegate.swift */,
				EA787C7326EE2251008D767D /* SceneDelegate.swift */,
				EA787C7526EE2251008D767D /* ViewController.swift */,
				EA787C7726EE2251008D767D /* Main.storyboard */,
				EA787C8526EE23CC008D767D /* Person.swift */,
				EA787C8726EE26A5008D767D /* DataManager.swift */,
				EA787C7A26EE2252008D767D /* Assets.xcassets */,
				EA787C7C26EE2252008D767D /* LaunchScreen.storyboard */,
				EA787C7F26EE2252008D767D /* Info.plist */,
			);
			path = "SwiftBook HW 7_Contact List";
			sourceTree = "<group>";
		};
/* End PBXGroup section */

/* Begin PBXNativeTarget section */
		EA787C6D26EE2251008D767D /* SwiftBook HW 7_Contact List */ = {
			isa = PBXNativeTarget;
			buildConfigurationList = EA787C8226EE2252008D767D /* Build configuration list for PBXNativeTarget "SwiftBook HW 7_Contact List" */;
			buildPhases = (
				EA787C6A26EE2251008D767D /* Sources */,
				EA787C6B26EE2251008D767D /* Frameworks */,
				EA787C6C26EE2251008D767D /* Resources */,
			);
			buildRules = (
			);
			dependencies = (
			);
			name = "SwiftBook HW 7_Contact List";
			productName = "SwiftBook HW 7_Contact List";
			productReference = EA787C6E26EE2251008D767D /* SwiftBook HW 7_Contact List.app */;
			productType = "com.apple.product-type.application";
		};
/* End PBXNativeTarget section */

/* Begin PBXProject section */
		EA787C6626EE2251008D767D /* Project object */ = {
			isa = PBXProject;
			attributes = {
				LastSwiftUpdateCheck = 1250;
				LastUpgradeCheck = 1250;
				TargetAttributes = {
					EA787C6D26EE2251008D767D = {
						CreatedOnToolsVersion = 12.5.1;
					};
				};
			};
			buildConfigurationList = EA787C6926EE2251008D767D /* Build configuration list for PBXProject "SwiftBook HW 7_Contact List" */;
			compatibilityVersion = "Xcode 9.3";
			developmentRegion = en;
			hasScannedForEncodings = 0;
			knownRegions = (
				en,
				Base,
			);
			mainGroup = EA787C6526EE2251008D767D;
			productRefGroup = EA787C6F26EE2251008D767D /* Products */;
			projectDirPath = "";
			projectRoot = "";
			targets = (
				EA787C6D26EE2251008D767D /* SwiftBook HW 7_Contact List */,
			);
		};
/* End PBXProject section */

/* Begin PBXResourcesBuildPhase section */
		EA787C6C26EE2251008D767D /* Resources */ = {
			isa = PBXResourcesBuildPhase;
			buildActionMask = 2147483647;
			files = (
				EA787C7E26EE2252008D767D /* LaunchScreen.storyboard in Resources */,
				EA787C7B26EE2252008D767D /* Assets.xcassets in Resources */,
				EA787C7926EE2251008D767D /* Main.storyboard in Resources */,
			);
			runOnlyForDeploymentPostprocessing = 0;
		};
/* End PBXResourcesBuildPhase section */

/* Begin PBXSourcesBuildPhase section */
		EA787C6A26EE2251008D767D /* Sources */ = {
			isa = PBXSourcesBuildPhase;
			buildActionMask = 2147483647;
			files = (
				EA787C7626EE2251008D767D /* ViewController.swift in Sources */,
				EA787C8826EE26A5008D767D /* DataManager.swift in Sources */,
				EA787C7226EE2251008D767D /* AppDelegate.swift in Sources */,
				EA787C8626EE23CC008D767D /* Person.swift in Sources */,
				EA787C7426EE2251008D767D /* SceneDelegate.swift in Sources */,
			);
			runOnlyForDeploymentPostprocessing = 0;
		};
/* End PBXSourcesBuildPhase section */

/* Begin PBXVariantGroup section */
		EA787C7726EE2251008D767D /* Main.storyboard */ = {
			isa = PBXVariantGroup;
			children = (
				EA787C7826EE2251008D767D /* Base */,
			);
			name = Main.storyboard;
			sourceTree = "<group>";
		};
		EA787C7C26EE2252008D767D /* LaunchScreen.storyboard */ = {
			isa = PBXVariantGroup;
			children = (
				EA787C7D26EE2252008D767D /* Base */,
			);
			name = LaunchScreen.storyboard;
			sourceTree = "<group>";
		};
/* End PBXVariantGroup section */

/* Begin XCBuildConfiguration section */
		EA787C8026EE2252008D767D /* Debug */ = {
			isa = XCBuildConfiguration;
			buildSettings = {
				ALWAYS_SEARCH_USER_PATHS = NO;
				CLANG_ANALYZER_NONNULL = YES;
				CLANG_ANALYZER_NUMBER_OBJECT_CONVERSION = YES_AGGRESSIVE;
				CLANG_CXX_LANGUAGE_STANDARD = "gnu++14";
				CLANG_CXX_LIBRARY = "libc++";
				CLANG_ENABLE_MODULES = YES;
				CLANG_ENABLE_OBJC_ARC = YES;
				CLANG_ENABLE_OBJC_WEAK = YES;
				CLANG_WARN_BLOCK_CAPTURE_AUTORELEASING = YES;
				CLANG_WARN_BOOL_CONVERSION = YES;
				CLANG_WARN_COMMA = YES;
				CLANG_WARN_CONSTANT_CONVERSION = YES;
				CLANG_WARN_DEPRECATED_OBJC_IMPLEMENTATIONS = YES;
				CLANG_WARN_DIRECT_OBJC_ISA_USAGE = YES_ERROR;
				CLANG_WARN_DOCUMENTATION_COMMENTS = YES;
				CLANG_WARN_EMPTY_BODY = YES;
				CLANG_WARN_ENUM_CONVERSION = YES;
				CLANG_WARN_INFINITE_RECURSION = YES;
				CLANG_WARN_INT_CONVERSION = YES;
				CLANG_WARN_NON_LITERAL_NULL_CONVERSION = YES;
				CLANG_WARN_OBJC_IMPLICIT_RETAIN_SELF = YES;
				CLANG_WARN_OBJC_LITERAL_CONVERSION = YES;
				CLANG_WARN_OBJC_ROOT_CLASS = YES_ERROR;
				CLANG_WARN_QUOTED_INCLUDE_IN_FRAMEWORK_HEADER = YES;
				CLANG_WARN_RANGE_LOOP_ANALYSIS = YES;
				CLANG_WARN_STRICT_PROTOTYPES = YES;
				CLANG_WARN_SUSPICIOUS_MOVE = YES;
				CLANG_WARN_UNGUARDED_AVAILABILITY = YES_AGGRESSIVE;
				CLANG_WARN_UNREACHABLE_CODE = YES;
				CLANG_WARN__DUPLICATE_METHOD_MATCH = YES;
				COPY_PHASE_STRIP = NO;
				DEBUG_INFORMATION_FORMAT = dwarf;
				ENABLE_STRICT_OBJC_MSGSEND = YES;
				ENABLE_TESTABILITY = YES;
				GCC_C_LANGUAGE_STANDARD = gnu11;
				GCC_DYNAMIC_NO_PIC = NO;
				GCC_NO_COMMON_BLOCKS = YES;
				GCC_OPTIMIZATION_LEVEL = 0;
				GCC_PREPROCESSOR_DEFINITIONS = (
					"DEBUG=1",
					"$(inherited)",
				);
				GCC_WARN_64_TO_32_BIT_CONVERSION = YES;
				GCC_WARN_ABOUT_RETURN_TYPE = YES_ERROR;
				GCC_WARN_UNDECLARED_SELECTOR = YES;
				GCC_WARN_UNINITIALIZED_AUTOS = YES_AGGRESSIVE;
				GCC_WARN_UNUSED_FUNCTION = YES;
				GCC_WARN_UNUSED_VARIABLE = YES;
				IPHONEOS_DEPLOYMENT_TARGET = 14.5;
				MTL_ENABLE_DEBUG_INFO = INCLUDE_SOURCE;
				MTL_FAST_MATH = YES;
				ONLY_ACTIVE_ARCH = YES;
				SDKROOT = iphoneos;
				SWIFT_ACTIVE_COMPILATION_CONDITIONS = DEBUG;
				SWIFT_OPTIMIZATION_LEVEL = "-Onone";
			};
			name = Debug;
		};
		EA787C8126EE2252008D767D /* Release */ = {
			isa = XCBuildConfiguration;
			buildSettings = {
				ALWAYS_SEARCH_USER_PATHS = NO;
				CLANG_ANALYZER_NONNULL = YES;
				CLANG_ANALYZER_NUMBER_OBJECT_CONVERSION = YES_AGGRESSIVE;
				CLANG_CXX_LANGUAGE_STANDARD = "gnu++14";
				CLANG_CXX_LIBRARY = "libc++";
				CLANG_ENABLE_MODULES = YES;
				CLANG_ENABLE_OBJC_ARC = YES;
				CLANG_ENABLE_OBJC_WEAK = YES;
				CLANG_WARN_BLOCK_CAPTURE_AUTORELEASING = YES;
				CLANG_WARN_BOOL_CONVERSION = YES;
				CLANG_WARN_COMMA = YES;
				CLANG_WARN_CONSTANT_CONVERSION = YES;
				CLANG_WARN_DEPRECATED_OBJC_IMPLEMENTATIONS = YES;
				CLANG_WARN_DIRECT_OBJC_ISA_USAGE = YES_ERROR;
				CLANG_WARN_DOCUMENTATION_COMMENTS = YES;
				CLANG_WARN_EMPTY_BODY = YES;
				CLANG_WARN_ENUM_CONVERSION = YES;
				CLANG_WARN_INFINITE_RECURSION = YES;
				CLANG_WARN_INT_CONVERSION = YES;
				CLANG_WARN_NON_LITERAL_NULL_CONVERSION = YES;
				CLANG_WARN_OBJC_IMPLICIT_RETAIN_SELF = YES;
				CLANG_WARN_OBJC_LITERAL_CONVERSION = YES;
				CLANG_WARN_OBJC_ROOT_CLASS = YES_ERROR;
				CLANG_WARN_QUOTED_INCLUDE_IN_FRAMEWORK_HEADER = YES;
				CLANG_WARN_RANGE_LOOP_ANALYSIS = YES;
				CLANG_WARN_STRICT_PROTOTYPES = YES;
				CLANG_WARN_SUSPICIOUS_MOVE = YES;
				CLANG_WARN_UNGUARDED_AVAILABILITY = YES_AGGRESSIVE;
				CLANG_WARN_UNREACHABLE_CODE = YES;
				CLANG_WARN__DUPLICATE_METHOD_MATCH = YES;
				COPY_PHASE_STRIP = NO;
				DEBUG_INFORMATION_FORMAT = "dwarf-with-dsym";
				ENABLE_NS_ASSERTIONS = NO;
				ENABLE_STRICT_OBJC_MSGSEND = YES;
				GCC_C_LANGUAGE_STANDARD = gnu11;
				GCC_NO_COMMON_BLOCKS = YES;
				GCC_WARN_64_TO_32_BIT_CONVERSION = YES;
				GCC_WARN_ABOUT_RETURN_TYPE = YES_ERROR;
				GCC_WARN_UNDECLARED_SELECTOR = YES;
				GCC_WARN_UNINITIALIZED_AUTOS = YES_AGGRESSIVE;
				GCC_WARN_UNUSED_FUNCTION = YES;
				GCC_WARN_UNUSED_VARIABLE = YES;
				IPHONEOS_DEPLOYMENT_TARGET = 14.5;
				MTL_ENABLE_DEBUG_INFO = NO;
				MTL_FAST_MATH = YES;
				SDKROOT = iphoneos;
				SWIFT_COMPILATION_MODE = wholemodule;
				SWIFT_OPTIMIZATION_LEVEL = "-O";
				VALIDATE_PRODUCT = YES;
			};
			name = Release;
		};
		EA787C8326EE2252008D767D /* Debug */ = {
			isa = XCBuildConfiguration;
			buildSettings = {
				ASSETCATALOG_COMPILER_APPICON_NAME = AppIcon;
				ASSETCATALOG_COMPILER_GLOBAL_ACCENT_COLOR_NAME = AccentColor;
				CODE_SIGN_STYLE = Automatic;
				DEVELOPMENT_TEAM = U4KL3S3U8D;
				INFOPLIST_FILE = "SwiftBook HW 7_Contact List/Info.plist";
				LD_RUNPATH_SEARCH_PATHS = (
					"$(inherited)",
					"@executable_path/Frameworks",
				);
				PRODUCT_BUNDLE_IDENTIFIER = "Arcani.SwiftBook-HW-7-Contact-List";
				PRODUCT_NAME = "$(TARGET_NAME)";
				SWIFT_VERSION = 5.0;
				TARGETED_DEVICE_FAMILY = "1,2";
			};
			name = Debug;
		};
		EA787C8426EE2252008D767D /* Release */ = {
			isa = XCBuildConfiguration;
			buildSettings = {
				ASSETCATALOG_COMPILER_APPICON_NAME = AppIcon;
				ASSETCATALOG_COMPILER_GLOBAL_ACCENT_COLOR_NAME = AccentColor;
				CODE_SIGN_STYLE = Automatic;
				DEVELOPMENT_TEAM = U4KL3S3U8D;
				INFOPLIST_FILE = "SwiftBook HW 7_Contact List/Info.plist";
				LD_RUNPATH_SEARCH_PATHS = (
					"$(inherited)",
					"@executable_path/Frameworks",
				);
				PRODUCT_BUNDLE_IDENTIFIER = "Arcani.SwiftBook-HW-7-Contact-List";
				PRODUCT_NAME = "$(TARGET_NAME)";
				SWIFT_VERSION = 5.0;
				TARGETED_DEVICE_FAMILY = "1,2";
			};
			name = Release;
		};
/* End XCBuildConfiguration section */

/* Begin XCConfigurationList section */
		EA787C6926EE2251008D767D /* Build configuration list for PBXProject "SwiftBook HW 7_Contact List" */ = {
			isa = XCConfigurationList;
			buildConfigurations = (
				EA787C8026EE2252008D767D /* Debug */,
				EA787C8126EE2252008D767D /* Release */,
			);
			defaultConfigurationIsVisible = 0;
			defaultConfigurationName = Release;
		};
		EA787C8226EE2252008D767D /* Build configuration list for PBXNativeTarget "SwiftBook HW 7_Contact List" */ = {
			isa = XCConfigurationList;
			buildConfigurations = (
				EA787C8326EE2252008D767D /* Debug */,
				EA787C8426EE2252008D767D /* Release */,
			);
			defaultConfigurationIsVisible = 0;
			defaultConfigurationName = Release;
		};
/* End XCConfigurationList section */
	};
	rootObject = EA787C6626EE2251008D767D /* Project object */;
}
